// !$*UTF8*$!
{
	archiveVersion = 1;
	classes = {
	};
	objectVersion = 46;
	objects = {

/* Begin PBXBuildFile section */
		F3A9A16D1AC3BCC800B81C65 /* PLayGameViewController.m in Sources */ = {isa = PBXBuildFile; fileRef = F3A9A16C1AC3BCC800B81C65 /* PLayGameViewController.m */; };
		F3A9A1701AC3F3A600B81C65 /* Mouse.m in Sources */ = {isa = PBXBuildFile; fileRef = F3A9A16F1AC3F3A600B81C65 /* Mouse.m */; };
		F3C06A191AC2DA40008F53F1 /* main.m in Sources */ = {isa = PBXBuildFile; fileRef = F3C06A181AC2DA40008F53F1 /* main.m */; };
		F3C06A1C1AC2DA40008F53F1 /* AppDelegate.m in Sources */ = {isa = PBXBuildFile; fileRef = F3C06A1B1AC2DA40008F53F1 /* AppDelegate.m */; };
		F3C06A1F1AC2DA40008F53F1 /* ViewController.m in Sources */ = {isa = PBXBuildFile; fileRef = F3C06A1E1AC2DA40008F53F1 /* ViewController.m */; };
		F3C06A221AC2DA40008F53F1 /* Main.storyboard in Resources */ = {isa = PBXBuildFile; fileRef = F3C06A201AC2DA40008F53F1 /* Main.storyboard */; };
		F3C06A241AC2DA40008F53F1 /* Images.xcassets in Resources */ = {isa = PBXBuildFile; fileRef = F3C06A231AC2DA40008F53F1 /* Images.xcassets */; };
		F3C06A271AC2DA40008F53F1 /* LaunchScreen.xib in Resources */ = {isa = PBXBuildFile; fileRef = F3C06A251AC2DA40008F53F1 /* LaunchScreen.xib */; };
		F3C06A331AC2DA40008F53F1 /* hitONlineTests.m in Sources */ = {isa = PBXBuildFile; fileRef = F3C06A321AC2DA40008F53F1 /* hitONlineTests.m */; };
		F3C06A3E1AC2DAC6008F53F1 /* CreatGameViewController.m in Sources */ = {isa = PBXBuildFile; fileRef = F3C06A3D1AC2DAC6008F53F1 /* CreatGameViewController.m */; };
		F3C06A411AC2DB05008F53F1 /* JionGameTableViewController.m in Sources */ = {isa = PBXBuildFile; fileRef = F3C06A401AC2DB05008F53F1 /* JionGameTableViewController.m */; };
		F3C06A451AC2DCAE008F53F1 /* AsyncSocket.m in Sources */ = {isa = PBXBuildFile; fileRef = F3C06A441AC2DCAE008F53F1 /* AsyncSocket.m */; settings = {COMPILER_FLAGS = "-fno-objc-arc"; }; };
		F3C06A481AC2DCD2008F53F1 /* AsyncUdpSocket.m in Sources */ = {isa = PBXBuildFile; fileRef = F3C06A471AC2DCD2008F53F1 /* AsyncUdpSocket.m */; settings = {COMPILER_FLAGS = "-fno-objc-arc"; }; };
/* End PBXBuildFile section */

/* Begin PBXContainerItemProxy section */
		F3C06A2D1AC2DA40008F53F1 /* PBXContainerItemProxy */ = {
			isa = PBXContainerItemProxy;
			containerPortal = F3C06A0B1AC2DA40008F53F1 /* Project object */;
			proxyType = 1;
			remoteGlobalIDString = F3C06A121AC2DA40008F53F1;
			remoteInfo = hitONline;
		};
/* End PBXContainerItemProxy section */

/* Begin PBXFileReference section */
		F3A9A16B1AC3BCC800B81C65 /* PLayGameViewController.h */ = {isa = PBXFileReference; fileEncoding = 4; lastKnownFileType = sourcecode.c.h; path = PLayGameViewController.h; sourceTree = "<group>"; };
		F3A9A16C1AC3BCC800B81C65 /* PLayGameViewController.m */ = {isa = PBXFileReference; fileEncoding = 4; lastKnownFileType = sourcecode.c.objc; path = PLayGameViewController.m; sourceTree = "<group>"; };
		F3A9A16E1AC3F3A600B81C65 /* Mouse.h */ = {isa = PBXFileReference; fileEncoding = 4; lastKnownFileType = sourcecode.c.h; path = Mouse.h; sourceTree = "<group>"; };
		F3A9A16F1AC3F3A600B81C65 /* Mouse.m */ = {isa = PBXFileReference; fileEncoding = 4; lastKnownFileType = sourcecode.c.objc; path = Mouse.m; sourceTree = "<group>"; };
		F3C06A131AC2DA40008F53F1 /* hitONline.app */ = {isa = PBXFileReference; explicitFileType = wrapper.application; includeInIndex = 0; path = hitONline.app; sourceTree = BUILT_PRODUCTS_DIR; };
		F3C06A171AC2DA40008F53F1 /* Info.plist */ = {isa = PBXFileReference; lastKnownFileType = text.plist.xml; path = Info.plist; sourceTree = "<group>"; };
		F3C06A181AC2DA40008F53F1 /* main.m */ = {isa = PBXFileReference; lastKnownFileType = sourcecode.c.objc; path = main.m; sourceTree = "<group>"; };
		F3C06A1A1AC2DA40008F53F1 /* AppDelegate.h */ = {isa = PBXFileReference; lastKnownFileType = sourcecode.c.h; path = AppDelegate.h; sourceTree = "<group>"; };
		F3C06A1B1AC2DA40008F53F1 /* AppDelegate.m */ = {isa = PBXFileReference; lastKnownFileType = sourcecode.c.objc; path = AppDelegate.m; sourceTree = "<group>"; };
		F3C06A1D1AC2DA40008F53F1 /* ViewController.h */ = {isa = PBXFileReference; lastKnownFileType = sourcecode.c.h; path = ViewController.h; sourceTree = "<group>"; };
		F3C06A1E1AC2DA40008F53F1 /* ViewController.m */ = {isa = PBXFileReference; lastKnownFileType = sourcecode.c.objc; path = ViewController.m; sourceTree = "<group>"; };
		F3C06A211AC2DA40008F53F1 /* Base */ = {isa = PBXFileReference; lastKnownFileType = file.storyboard; name = Base; path = Base.lproj/Main.storyboard; sourceTree = "<group>"; };
		F3C06A231AC2DA40008F53F1 /* Images.xcassets */ = {isa = PBXFileReference; lastKnownFileType = folder.assetcatalog; path = Images.xcassets; sourceTree = "<group>"; };
		F3C06A261AC2DA40008F53F1 /* Base */ = {isa = PBXFileReference; lastKnownFileType = file.xib; name = Base; path = Base.lproj/LaunchScreen.xib; sourceTree = "<group>"; };
		F3C06A2C1AC2DA40008F53F1 /* hitONlineTests.xctest */ = {isa = PBXFileReference; explicitFileType = wrapper.cfbundle; includeInIndex = 0; path = hitONlineTests.xctest; sourceTree = BUILT_PRODUCTS_DIR; };
		F3C06A311AC2DA40008F53F1 /* Info.plist */ = {isa = PBXFileReference; lastKnownFileType = text.plist.xml; path = Info.plist; sourceTree = "<group>"; };
		F3C06A321AC2DA40008F53F1 /* hitONlineTests.m */ = {isa = PBXFileReference; lastKnownFileType = sourcecode.c.objc; path = hitONlineTests.m; sourceTree = "<group>"; };
		F3C06A3C1AC2DAC6008F53F1 /* CreatGameViewController.h */ = {isa = PBXFileReference; fileEncoding = 4; lastKnownFileType = sourcecode.c.h; path = CreatGameViewController.h; sourceTree = "<group>"; };
		F3C06A3D1AC2DAC6008F53F1 /* CreatGameViewController.m */ = {isa = PBXFileReference; fileEncoding = 4; lastKnownFileType = sourcecode.c.objc; path = CreatGameViewController.m; sourceTree = "<group>"; };
		F3C06A3F1AC2DB05008F53F1 /* JionGameTableViewController.h */ = {isa = PBXFileReference; fileEncoding = 4; lastKnownFileType = sourcecode.c.h; path = JionGameTableViewController.h; sourceTree = "<group>"; };
		F3C06A401AC2DB05008F53F1 /* JionGameTableViewController.m */ = {isa = PBXFileReference; fileEncoding = 4; lastKnownFileType = sourcecode.c.objc; path = JionGameTableViewController.m; sourceTree = "<group>"; };
		F3C06A431AC2DCAE008F53F1 /* AsyncSocket.h */ = {isa = PBXFileReference; fileEncoding = 4; lastKnownFileType = sourcecode.c.h; path = AsyncSocket.h; sourceTree = "<group>"; };
		F3C06A441AC2DCAE008F53F1 /* AsyncSocket.m */ = {isa = PBXFileReference; fileEncoding = 4; lastKnownFileType = sourcecode.c.objc; path = AsyncSocket.m; sourceTree = "<group>"; };
		F3C06A461AC2DCD2008F53F1 /* AsyncUdpSocket.h */ = {isa = PBXFileReference; fileEncoding = 4; lastKnownFileType = sourcecode.c.h; path = AsyncUdpSocket.h; sourceTree = "<group>"; };
		F3C06A471AC2DCD2008F53F1 /* AsyncUdpSocket.m */ = {isa = PBXFileReference; fileEncoding = 4; lastKnownFileType = sourcecode.c.objc; path = AsyncUdpSocket.m; sourceTree = "<group>"; };
/* End PBXFileReference section */

/* Begin PBXFrameworksBuildPhase section */
		F3C06A101AC2DA40008F53F1 /* Frameworks */ = {
			isa = PBXFrameworksBuildPhase;
			buildActionMask = 2147483647;
			files = (
			);
			runOnlyForDeploymentPostprocessing = 0;
		};
		F3C06A291AC2DA40008F53F1 /* Frameworks */ = {
			isa = PBXFrameworksBuildPhase;
			buildActionMask = 2147483647;
			files = (
			);
			runOnlyForDeploymentPostprocessing = 0;
		};
/* End PBXFrameworksBuildPhase section */

/* Begin PBXGroup section */
		F3C06A0A1AC2DA40008F53F1 = {
			isa = PBXGroup;
			children = (
				F3C06A151AC2DA40008F53F1 /* hitONline */,
				F3C06A2F1AC2DA40008F53F1 /* hitONlineTests */,
				F3C06A141AC2DA40008F53F1 /* Products */,
			);
			sourceTree = "<group>";
		};
		F3C06A141AC2DA40008F53F1 /* Products */ = {
			isa = PBXGroup;
			children = (
				F3C06A131AC2DA40008F53F1 /* hitONline.app */,
				F3C06A2C1AC2DA40008F53F1 /* hitONlineTests.xctest */,
			);
			name = Products;
			sourceTree = "<group>";
		};
		F3C06A151AC2DA40008F53F1 /* hitONline */ = {
			isa = PBXGroup;
			children = (
				F3C06A421AC2DC4A008F53F1 /* AsyncSocket */,
				F3C06A1A1AC2DA40008F53F1 /* AppDelegate.h */,
				F3C06A1B1AC2DA40008F53F1 /* AppDelegate.m */,
				F3C06A1D1AC2DA40008F53F1 /* ViewController.h */,
				F3C06A1E1AC2DA40008F53F1 /* ViewController.m */,
				F3C06A201AC2DA40008F53F1 /* Main.storyboard */,
				F3C06A3C1AC2DAC6008F53F1 /* CreatGameViewController.h */,
				F3C06A3D1AC2DAC6008F53F1 /* CreatGameViewController.m */,
				F3C06A3F1AC2DB05008F53F1 /* JionGameTableViewController.h */,
				F3C06A401AC2DB05008F53F1 /* JionGameTableViewController.m */,
				F3A9A16B1AC3BCC800B81C65 /* PLayGameViewController.h */,
				F3A9A16C1AC3BCC800B81C65 /* PLayGameViewController.m */,
				F3C06A231AC2DA40008F53F1 /* Images.xcassets */,
				F3C06A251AC2DA40008F53F1 /* LaunchScreen.xib */,
				F3C06A161AC2DA40008F53F1 /* Supporting Files */,
			);
			path = hitONline;
			sourceTree = "<group>";
		};
		F3C06A161AC2DA40008F53F1 /* Supporting Files */ = {
			isa = PBXGroup;
			children = (
				F3C06A171AC2DA40008F53F1 /* Info.plist */,
				F3C06A181AC2DA40008F53F1 /* main.m */,
			);
			name = "Supporting Files";
			sourceTree = "<group>";
		};
		F3C06A2F1AC2DA40008F53F1 /* hitONlineTests */ = {
			isa = PBXGroup;
			children = (
				F3C06A321AC2DA40008F53F1 /* hitONlineTests.m */,
				F3C06A301AC2DA40008F53F1 /* Supporting Files */,
			);
			path = hitONlineTests;
			sourceTree = "<group>";
		};
		F3C06A301AC2DA40008F53F1 /* Supporting Files */ = {
			isa = PBXGroup;
			children = (
				F3C06A311AC2DA40008F53F1 /* Info.plist */,
			);
			name = "Supporting Files";
			sourceTree = "<group>";
		};
		F3C06A421AC2DC4A008F53F1 /* AsyncSocket */ = {
			isa = PBXGroup;
			children = (
				F3C06A431AC2DCAE008F53F1 /* AsyncSocket.h */,
				F3C06A441AC2DCAE008F53F1 /* AsyncSocket.m */,
				F3C06A461AC2DCD2008F53F1 /* AsyncUdpSocket.h */,
				F3C06A471AC2DCD2008F53F1 /* AsyncUdpSocket.m */,
				F3A9A16E1AC3F3A600B81C65 /* Mouse.h */,
				F3A9A16F1AC3F3A600B81C65 /* Mouse.m */,
			);
			name = AsyncSocket;
			sourceTree = "<group>";
		};
/* End PBXGroup section */

/* Begin PBXNativeTarget section */
		F3C06A121AC2DA40008F53F1 /* hitONline */ = {
			isa = PBXNativeTarget;
			buildConfigurationList = F3C06A361AC2DA40008F53F1 /* Build configuration list for PBXNativeTarget "hitONline" */;
			buildPhases = (
				F3C06A0F1AC2DA40008F53F1 /* Sources */,
				F3C06A101AC2DA40008F53F1 /* Frameworks */,
				F3C06A111AC2DA40008F53F1 /* Resources */,
			);
			buildRules = (
			);
			dependencies = (
			);
			name = hitONline;
			productName = hitONline;
			productReference = F3C06A131AC2DA40008F53F1 /* hitONline.app */;
			productType = "com.apple.product-type.application";
		};
		F3C06A2B1AC2DA40008F53F1 /* hitONlineTests */ = {
			isa = PBXNativeTarget;
			buildConfigurationList = F3C06A391AC2DA40008F53F1 /* Build configuration list for PBXNativeTarget "hitONlineTests" */;
			buildPhases = (
				F3C06A281AC2DA40008F53F1 /* Sources */,
				F3C06A291AC2DA40008F53F1 /* Frameworks */,
				F3C06A2A1AC2DA40008F53F1 /* Resources */,
			);
			buildRules = (
			);
			dependencies = (
				F3C06A2E1AC2DA40008F53F1 /* PBXTargetDependency */,
			);
			name = hitONlineTests;
			productName = hitONlineTests;
			productReference = F3C06A2C1AC2DA40008F53F1 /* hitONlineTests.xctest */;
			productType = "com.apple.product-type.bundle.unit-test";
		};
/* End PBXNativeTarget section */

/* Begin PBXProject section */
		F3C06A0B1AC2DA40008F53F1 /* Project object */ = {
			isa = PBXProject;
			attributes = {
				LastUpgradeCheck = 0610;
				ORGANIZATIONNAME = tarena;
				TargetAttributes = {
					F3C06A121AC2DA40008F53F1 = {
						CreatedOnToolsVersion = 6.1;
					};
					F3C06A2B1AC2DA40008F53F1 = {
						CreatedOnToolsVersion = 6.1;
						TestTargetID = F3C06A121AC2DA40008F53F1;
					};
				};
			};
			buildConfigurationList = F3C06A0E1AC2DA40008F53F1 /* Build configuration list for PBXProject "hitONline" */;
			compatibilityVersion = "Xcode 3.2";
			developmentRegion = English;
			hasScannedForEncodings = 0;
			knownRegions = (
				en,
				Base,
			);
			mainGroup = F3C06A0A1AC2DA40008F53F1;
			productRefGroup = F3C06A141AC2DA40008F53F1 /* Products */;
			projectDirPath = "";
			projectRoot = "";
			targets = (
				F3C06A121AC2DA40008F53F1 /* hitONline */,
				F3C06A2B1AC2DA40008F53F1 /* hitONlineTests */,
			);
		};
/* End PBXProject section */

/* Begin PBXResourcesBuildPhase section */
		F3C06A111AC2DA40008F53F1 /* Resources */ = {
			isa = PBXResourcesBuildPhase;
			buildActionMask = 2147483647;
			files = (
				F3C06A221AC2DA40008F53F1 /* Main.storyboard in Resources */,
				F3C06A271AC2DA40008F53F1 /* LaunchScreen.xib in Resources */,
				F3C06A241AC2DA40008F53F1 /* Images.xcassets in Resources */,
			);
			runOnlyForDeploymentPostprocessing = 0;
		};
		F3C06A2A1AC2DA40008F53F1 /* Resources */ = {
			isa = PBXResourcesBuildPhase;
			buildActionMask = 2147483647;
			files = (
			);
			runOnlyForDeploymentPostprocessing = 0;
		};
/* End PBXResourcesBuildPhase section */

/* Begin PBXSourcesBuildPhase section */
		F3C06A0F1AC2DA40008F53F1 /* Sources */ = {
			isa = PBXSourcesBuildPhase;
			buildActionMask = 2147483647;
			files = (
				F3A9A1701AC3F3A600B81C65 /* Mouse.m in Sources */,
				F3C06A3E1AC2DAC6008F53F1 /* CreatGameViewController.m in Sources */,
				F3C06A1F1AC2DA40008F53F1 /* ViewController.m in Sources */,
				F3A9A16D1AC3BCC800B81C65 /* PLayGameViewController.m in Sources */,
				F3C06A411AC2DB05008F53F1 /* JionGameTableViewController.m in Sources */,
				F3C06A451AC2DCAE008F53F1 /* AsyncSocket.m in Sources */,
				F3C06A1C1AC2DA40008F53F1 /* AppDelegate.m in Sources */,
				F3C06A191AC2DA40008F53F1 /* main.m in Sources */,
				F3C06A481AC2DCD2008F53F1 /* AsyncUdpSocket.m in Sources */,
			);
			runOnlyForDeploymentPostprocessing = 0;
		};
		F3C06A281AC2DA40008F53F1 /* Sources */ = {
			isa = PBXSourcesBuildPhase;
			buildActionMask = 2147483647;
			files = (
				F3C06A331AC2DA40008F53F1 /* hitONlineTests.m in Sources */,
			);
			runOnlyForDeploymentPostprocessing = 0;
		};
/* End PBXSourcesBuildPhase section */

/* Begin PBXTargetDependency section */
		F3C06A2E1AC2DA40008F53F1 /* PBXTargetDependency */ = {
			isa = PBXTargetDependency;
			target = F3C06A121AC2DA40008F53F1 /* hitONline */;
			targetProxy = F3C06A2D1AC2DA40008F53F1 /* PBXContainerItemProxy */;
		};
/* End PBXTargetDependency section */

/* Begin PBXVariantGroup section */
		F3C06A201AC2DA40008F53F1 /* Main.storyboard */ = {
			isa = PBXVariantGroup;
			children = (
				F3C06A211AC2DA40008F53F1 /* Base */,
			);
			name = Main.storyboard;
			sourceTree = "<group>";
		};
		F3C06A251AC2DA40008F53F1 /* LaunchScreen.xib */ = {
			isa = PBXVariantGroup;
			children = (
				F3C06A261AC2DA40008F53F1 /* Base */,
			);
			name = LaunchScreen.xib;
			sourceTree = "<group>";
		};
/* End PBXVariantGroup section */

/* Begin XCBuildConfiguration section */
		F3C06A341AC2DA40008F53F1 /* Debug */ = {
			isa = XCBuildConfiguration;
			buildSettings = {
				ALWAYS_SEARCH_USER_PATHS = NO;
				CLANG_CXX_LANGUAGE_STANDARD = "gnu++0x";
				CLANG_CXX_LIBRARY = "libc++";
				CLANG_ENABLE_MODULES = YES;
				CLANG_ENABLE_OBJC_ARC = YES;
				CLANG_WARN_BOOL_CONVERSION = YES;
				CLANG_WARN_CONSTANT_CONVERSION = YES;
				CLANG_WARN_DIRECT_OBJC_ISA_USAGE = YES_ERROR;
				CLANG_WARN_EMPTY_BODY = YES;
				CLANG_WARN_ENUM_CONVERSION = YES;
				CLANG_WARN_INT_CONVERSION = YES;
				CLANG_WARN_OBJC_ROOT_CLASS = YES_ERROR;
				CLANG_WARN_UNREACHABLE_CODE = YES;
				CLANG_WARN__DUPLICATE_METHOD_MATCH = YES;
				"CODE_SIGN_IDENTITY[sdk=iphoneos*]" = "iPhone Developer";
				COPY_PHASE_STRIP = NO;
				ENABLE_STRICT_OBJC_MSGSEND = YES;
				GCC_C_LANGUAGE_STANDARD = gnu99;
				GCC_DYNAMIC_NO_PIC = NO;
				GCC_OPTIMIZATION_LEVEL = 0;
				GCC_PREPROCESSOR_DEFINITIONS = (
					"DEBUG=1",
					"$(inherited)",
				);
				GCC_SYMBOLS_PRIVATE_EXTERN = NO;
				GCC_WARN_64_TO_32_BIT_CONVERSION = YES;
				GCC_WARN_ABOUT_RETURN_TYPE = YES_ERROR;
				GCC_WARN_UNDECLARED_SELECTOR = YES;
				GCC_WARN_UNINITIALIZED_AUTOS = YES_AGGRESSIVE;
				GCC_WARN_UNUSED_FUNCTION = YES;
				GCC_WARN_UNUSED_VARIABLE = YES;
				IPHONEOS_DEPLOYMENT_TARGET = 8.1;
				MTL_ENABLE_DEBUG_INFO = YES;
				ONLY_ACTIVE_ARCH = YES;
				SDKROOT = iphoneos;
			};
			name = Debug;
		};
		F3C06A351AC2DA40008F53F1 /* Release */ = {
			isa = XCBuildConfiguration;
			buildSettings = {
				ALWAYS_SEARCH_USER_PATHS = NO;
				CLANG_CXX_LANGUAGE_STANDARD = "gnu++0x";
				CLANG_CXX_LIBRARY = "libc++";
				CLANG_ENABLE_MODULES = YES;
				CLANG_ENABLE_OBJC_ARC = YES;
				CLANG_WARN_BOOL_CONVERSION = YES;
				CLANG_WARN_CONSTANT_CONVERSION = YES;
				CLANG_WARN_DIRECT_OBJC_ISA_USAGE = YES_ERROR;
				CLANG_WARN_EMPTY_BODY = YES;
				CLANG_WARN_ENUM_CONVERSION = YES;
				CLANG_WARN_INT_CONVERSION = YES;
				CLANG_WARN_OBJC_ROOT_CLASS = YES_ERROR;
				CLANG_WARN_UNREACHABLE_CODE = YES;
				CLANG_WARN__DUPLICATE_METHOD_MATCH = YES;
				"CODE_SIGN_IDENTITY[sdk=iphoneos*]" = "iPhone Developer";
				COPY_PHASE_STRIP = YES;
				ENABLE_NS_ASSERTIONS = NO;
				ENABLE_STRICT_OBJC_MSGSEND = YES;
				GCC_C_LANGUAGE_STANDARD = gnu99;
				GCC_WARN_64_TO_32_BIT_CONVERSION = YES;
				GCC_WARN_ABOUT_RETURN_TYPE = YES_ERROR;
				GCC_WARN_UNDECLARED_SELECTOR = YES;
				GCC_WARN_UNINITIALIZED_AUTOS = YES_AGGRESSIVE;
				GCC_WARN_UNUSED_FUNCTION = YES;
				GCC_WARN_UNUSED_VARIABLE = YES;
				IPHONEOS_DEPLOYMENT_TARGET = 8.1;
				MTL_ENABLE_DEBUG_INFO = NO;
				SDKROOT = iphoneos;
				VALIDATE_PRODUCT = YES;
			};
			name = Release;
		};
		F3C06A371AC2DA40008F53F1 /* Debug */ = {
			isa = XCBuildConfiguration;
			buildSettings = {
				ASSETCATALOG_COMPILER_APPICON_NAME = AppIcon;
				INFOPLIST_FILE = hitONline/Info.plist;
				LD_RUNPATH_SEARCH_PATHS = "$(inherited) @executable_path/Frameworks";
				PRODUCT_NAME = "$(TARGET_NAME)";
			};
			name = Debug;
		};
		F3C06A381AC2DA40008F53F1 /* Release */ = {
			isa = XCBuildConfiguration;
			buildSettings = {
				ASSETCATALOG_COMPILER_APPICON_NAME = AppIcon;
				INFOPLIST_FILE = hitONline/Info.plist;
				LD_RUNPATH_SEARCH_PATHS = "$(inherited) @executable_path/Frameworks";
				PRODUCT_NAME = "$(TARGET_NAME)";
			};
			name = Release;
		};
		F3C06A3A1AC2DA40008F53F1 /* Debug */ = {
			isa = XCBuildConfiguration;
			buildSettings = {
				BUNDLE_LOADER = "$(TEST_HOST)";
				FRAMEWORK_SEARCH_PATHS = (
					"$(SDKROOT)/Developer/Library/Frameworks",
					"$(inherited)",
				);
				GCC_PREPROCESSOR_DEFINITIONS = (
					"DEBUG=1",
					"$(inherited)",
				);
				INFOPLIST_FILE = hitONlineTests/Info.plist;
				LD_RUNPATH_SEARCH_PATHS = "$(inherited) @executable_path/Frameworks @loader_path/Frameworks";
				PRODUCT_NAME = "$(TARGET_NAME)";
				TEST_HOST = "$(BUILT_PRODUCTS_DIR)/hitONline.app/hitONline";
			};
			name = Debug;
		};
		F3C06A3B1AC2DA40008F53F1 /* Release */ = {
			isa = XCBuildConfiguration;
			buildSettings = {
				BUNDLE_LOADER = "$(TEST_HOST)";
				FRAMEWORK_SEARCH_PATHS = (
					"$(SDKROOT)/Developer/Library/Frameworks",
					"$(inherited)",
				);
				INFOPLIST_FILE = hitONlineTests/Info.plist;
				LD_RUNPATH_SEARCH_PATHS = "$(inherited) @executable_path/Frameworks @loader_path/Frameworks";
				PRODUCT_NAME = "$(TARGET_NAME)";
				TEST_HOST = "$(BUILT_PRODUCTS_DIR)/hitONline.app/hitONline";
			};
			name = Release;
		};
/* End XCBuildConfiguration section */

/* Begin XCConfigurationList section */
		F3C06A0E1AC2DA40008F53F1 /* Build configuration list for PBXProject "hitONline" */ = {
			isa = XCConfigurationList;
			buildConfigurations = (
				F3C06A341AC2DA40008F53F1 /* Debug */,
				F3C06A351AC2DA40008F53F1 /* Release */,
			);
			defaultConfigurationIsVisible = 0;
			defaultConfigurationName = Release;
		};
		F3C06A361AC2DA40008F53F1 /* Build configuration list for PBXNativeTarget "hitONline" */ = {
			isa = XCConfigurationList;
			buildConfigurations = (
				F3C06A371AC2DA40008F53F1 /* Debug */,
				F3C06A381AC2DA40008F53F1 /* Release */,
			);
			defaultConfigurationIsVisible = 0;
			defaultConfigurationName = Release;
		};
		F3C06A391AC2DA40008F53F1 /* Build configuration list for PBXNativeTarget "hitONlineTests" */ = {
			isa = XCConfigurationList;
			buildConfigurations = (
				F3C06A3A1AC2DA40008F53F1 /* Debug */,
				F3C06A3B1AC2DA40008F53F1 /* Release */,
			);
			defaultConfigurationIsVisible = 0;
			defaultConfigurationName = Release;
		};
/* End XCConfigurationList section */
	};
	rootObject = F3C06A0B1AC2DA40008F53F1 /* Project object */;
}
